
Microsoft Visual Studio Solution File, Format Version 12.00
# Visual Studio Version 16
VisualStudioVersion = 16.0.30711.63
MinimumVisualStudioVersion = 10.0.40219.1
Project("{FAE04EC0-301F-11D3-BF4B-00C04F79EFBC}") = "Software Executer", "Software Executer\Software Executer.csproj", "{208A101C-D636-4362-BA34-8BFC3B7C010B}"
EndProject
Global
	GlobalSection(SolutionConfigurationPlatforms) = preSolution
		Debug|Any CPU = Debug|Any CPU
		Release|Any CPU = Release|Any CPU
	EndGlobalSection
	GlobalSection(ProjectConfigurationPlatforms) = postSolution
		{208A101C-D636-4362-BA34-8BFC3B7C010B}.Debug|Any CPU.ActiveCfg = Debug|Any CPU
		{208A101C-D636-4362-BA34-8BFC3B7C010B}.Debug|Any CPU.Build.0 = Debug|Any CPU
		{208A101C-D636-4362-BA34-8BFC3B7C010B}.Release|Any CPU.ActiveCfg = Release|Any CPU
		{208A101C-D636-4362-BA34-8BFC3B7C010B}.Release|Any CPU.Build.0 = Release|Any CPU
	EndGlobalSection
	GlobalSection(SolutionProperties) = preSolution
		HideSolutionNode = FALSE
	EndGlobalSection
	GlobalSection(ExtensibilityGlobals) = postSolution
		SolutionGuid = {F04DB358-0AD0-43E3-AE6B-70982B0A3DDE}
	EndGlobalSection
EndGlobal
